
Microsoft Visual Studio Solution File, Format Version 12.00
# Visual Studio Version 16
VisualStudioVersion = 16.0.31624.102
MinimumVisualStudioVersion = 10.0.40219.1
Project("{9A19103F-16F7-4668-BE54-9A1E7A4F7556}") = "KIOSK", "KIOSK\KIOSK.csproj", "{E7EE7D31-082F-4D4E-AA5F-406B0ECD28F8}"
EndProject
Project("{FAE04EC0-301F-11D3-BF4B-00C04F79EFBC}") = "TakeProgram", "TakeProgram\TakeProgram.csproj", "{6E53599C-BB79-44CB-B30C-83892A6F3193}"
EndProject
Global
	GlobalSection(SolutionConfigurationPlatforms) = preSolution
		Debug|Any CPU = Debug|Any CPU
		Release|Any CPU = Release|Any CPU
	EndGlobalSection
	GlobalSection(ProjectConfigurationPlatforms) = postSolution
		{E7EE7D31-082F-4D4E-AA5F-406B0ECD28F8}.Debug|Any CPU.ActiveCfg = Debug|Any CPU
		{E7EE7D31-082F-4D4E-AA5F-406B0ECD28F8}.Debug|Any CPU.Build.0 = Debug|Any CPU
		{E7EE7D31-082F-4D4E-AA5F-406B0ECD28F8}.Release|Any CPU.ActiveCfg = Release|Any CPU
		{E7EE7D31-082F-4D4E-AA5F-406B0ECD28F8}.Release|Any CPU.Build.0 = Release|Any CPU
		{6E53599C-BB79-44CB-B30C-83892A6F3193}.Debug|Any CPU.ActiveCfg = Debug|Any CPU
		{6E53599C-BB79-44CB-B30C-83892A6F3193}.Debug|Any CPU.Build.0 = Debug|Any CPU
		{6E53599C-BB79-44CB-B30C-83892A6F3193}.Release|Any CPU.ActiveCfg = Release|Any CPU
		{6E53599C-BB79-44CB-B30C-83892A6F3193}.Release|Any CPU.Build.0 = Release|Any CPU
	EndGlobalSection
	GlobalSection(SolutionProperties) = preSolution
		HideSolutionNode = FALSE
	EndGlobalSection
	GlobalSection(ExtensibilityGlobals) = postSolution
		SolutionGuid = {B2D387EE-BABC-4177-BE58-7934E827973E}
	EndGlobalSection
EndGlobal
